
Microsoft Visual Studio Solution File, Format Version 12.00
# Visual Studio Version 16
VisualStudioVersion = 16.0.29509.3
MinimumVisualStudioVersion = 10.0.40219.1
Project("{FAE04EC0-301F-11D3-BF4B-00C04F79EFBC}") = "HelloApp", "HelloApp\HelloApp.csproj", "{03E39D70-236C-42AA-AEA6-2AB9D7F142DB}"
EndProject
Global
	GlobalSection(SolutionConfigurationPlatforms) = preSolution
		Debug|Any CPU = Debug|Any CPU
		Release|Any CPU = Release|Any CPU
	EndGlobalSection
	GlobalSection(ProjectConfigurationPlatforms) = postSolution
		{03E39D70-236C-42AA-AEA6-2AB9D7F142DB}.Debug|Any CPU.ActiveCfg = Debug|Any CPU
		{03E39D70-236C-42AA-AEA6-2AB9D7F142DB}.Debug|Any CPU.Build.0 = Debug|Any CPU
		{03E39D70-236C-42AA-AEA6-2AB9D7F142DB}.Release|Any CPU.ActiveCfg = Release|Any CPU
		{03E39D70-236C-42AA-AEA6-2AB9D7F142DB}.Release|Any CPU.Build.0 = Release|Any CPU
	EndGlobalSection
	GlobalSection(SolutionProperties) = preSolution
		HideSolutionNode = FALSE
	EndGlobalSection
	GlobalSection(ExtensibilityGlobals) = postSolution
		SolutionGuid = {5EC7A16E-AA01-44D7-ABA3-DA369E1A0C2D}
	EndGlobalSection
EndGlobal
